// !$*UTF8*$!
{
	archiveVersion = 1;
	classes = {
	};
	objectVersion = 46;
	objects = {

/* Begin PBXBuildFile section */
		6003F58E195388D20070C39A /* Foundation.framework in Frameworks */ = {isa = PBXBuildFile; fileRef = 6003F58D195388D20070C39A /* Foundation.framework */; };
		6003F590195388D20070C39A /* CoreGraphics.framework in Frameworks */ = {isa = PBXBuildFile; fileRef = 6003F58F195388D20070C39A /* CoreGraphics.framework */; };
		6003F592195388D20070C39A /* UIKit.framework in Frameworks */ = {isa = PBXBuildFile; fileRef = 6003F591195388D20070C39A /* UIKit.framework */; };
		6003F598195388D20070C39A /* InfoPlist.strings in Resources */ = {isa = PBXBuildFile; fileRef = 6003F596195388D20070C39A /* InfoPlist.strings */; };
		6003F59A195388D20070C39A /* main.m in Sources */ = {isa = PBXBuildFile; fileRef = 6003F599195388D20070C39A /* main.m */; };
		6003F59E195388D20070C39A /* GIGAppDelegate.m in Sources */ = {isa = PBXBuildFile; fileRef = 6003F59D195388D20070C39A /* GIGAppDelegate.m */; };
		6003F5A1195388D20070C39A /* Main.storyboard in Resources */ = {isa = PBXBuildFile; fileRef = 6003F59F195388D20070C39A /* Main.storyboard */; };
		6003F5A7195388D20070C39A /* GIGViewController.m in Sources */ = {isa = PBXBuildFile; fileRef = 6003F5A6195388D20070C39A /* GIGViewController.m */; };
		6003F5A9195388D20070C39A /* Images.xcassets in Resources */ = {isa = PBXBuildFile; fileRef = 6003F5A8195388D20070C39A /* Images.xcassets */; };
		CFFE247AC9A17DD1652E8939 /* libPods-GIGBeaconRegion.a in Frameworks */ = {isa = PBXBuildFile; fileRef = 15345893092FB308AD6B886C /* libPods-GIGBeaconRegion.a */; };
		D52DC7651A2736D000DA7E13 /* GIGPresenter.m in Sources */ = {isa = PBXBuildFile; fileRef = D52DC7641A2736D000DA7E13 /* GIGPresenter.m */; };
		D52DC7671A27372600DA7E13 /* CoreLocation.framework in Frameworks */ = {isa = PBXBuildFile; fileRef = D52DC7661A27372600DA7E13 /* CoreLocation.framework */; };
		D55FD6B41A274354009BD47A /* GIGBeaconModel.m in Sources */ = {isa = PBXBuildFile; fileRef = D55FD6B31A274354009BD47A /* GIGBeaconModel.m */; };
		D55FD6B71A2755CE009BD47A /* GIGBeaconCell.m in Sources */ = {isa = PBXBuildFile; fileRef = D55FD6B61A2755CE009BD47A /* GIGBeaconCell.m */; };
		D55FD6BA1A276B05009BD47A /* GIGStorage.m in Sources */ = {isa = PBXBuildFile; fileRef = D55FD6B91A276B05009BD47A /* GIGStorage.m */; };
		D5E180141A28906A0012B16B /* GIGErrorFactory.m in Sources */ = {isa = PBXBuildFile; fileRef = D5E180131A28906A0012B16B /* GIGErrorFactory.m */; };
/* End PBXBuildFile section */

/* Begin PBXFileReference section */
		15345893092FB308AD6B886C /* libPods-GIGBeaconRegion.a */ = {isa = PBXFileReference; explicitFileType = archive.ar; includeInIndex = 0; path = "libPods-GIGBeaconRegion.a"; sourceTree = BUILT_PRODUCTS_DIR; };
		31FB790C8BBECAAEE10E0F1A /* Pods-Tests.debug.xcconfig */ = {isa = PBXFileReference; includeInIndex = 1; lastKnownFileType = text.xcconfig; name = "Pods-Tests.debug.xcconfig"; path = "Pods/Target Support Files/Pods-Tests/Pods-Tests.debug.xcconfig"; sourceTree = "<group>"; };
		32BC928060C2BBB4D37E85B2 /* GIGBeaconRegion.podspec */ = {isa = PBXFileReference; includeInIndex = 1; lastKnownFileType = text; name = GIGBeaconRegion.podspec; path = ../GIGBeaconRegion.podspec; sourceTree = "<group>"; };
		41F346B5C3FFD24A7FE75AE5 /* LICENSE */ = {isa = PBXFileReference; includeInIndex = 1; lastKnownFileType = text; name = LICENSE; path = ../LICENSE; sourceTree = "<group>"; };
		6003F58A195388D20070C39A /* GIGBeaconRegion.app */ = {isa = PBXFileReference; explicitFileType = wrapper.application; includeInIndex = 0; path = GIGBeaconRegion.app; sourceTree = BUILT_PRODUCTS_DIR; };
		6003F58D195388D20070C39A /* Foundation.framework */ = {isa = PBXFileReference; lastKnownFileType = wrapper.framework; name = Foundation.framework; path = System/Library/Frameworks/Foundation.framework; sourceTree = SDKROOT; };
		6003F58F195388D20070C39A /* CoreGraphics.framework */ = {isa = PBXFileReference; lastKnownFileType = wrapper.framework; name = CoreGraphics.framework; path = System/Library/Frameworks/CoreGraphics.framework; sourceTree = SDKROOT; };
		6003F591195388D20070C39A /* UIKit.framework */ = {isa = PBXFileReference; lastKnownFileType = wrapper.framework; name = UIKit.framework; path = System/Library/Frameworks/UIKit.framework; sourceTree = SDKROOT; };
		6003F595195388D20070C39A /* GIGBeaconRegion-Info.plist */ = {isa = PBXFileReference; lastKnownFileType = text.plist.xml; path = "GIGBeaconRegion-Info.plist"; sourceTree = "<group>"; };
		6003F597195388D20070C39A /* en */ = {isa = PBXFileReference; lastKnownFileType = text.plist.strings; name = en; path = en.lproj/InfoPlist.strings; sourceTree = "<group>"; };
		6003F599195388D20070C39A /* main.m */ = {isa = PBXFileReference; lastKnownFileType = sourcecode.c.objc; path = main.m; sourceTree = "<group>"; };
		6003F59B195388D20070C39A /* GIGBeaconRegion-Prefix.pch */ = {isa = PBXFileReference; lastKnownFileType = sourcecode.c.h; path = "GIGBeaconRegion-Prefix.pch"; sourceTree = "<group>"; };
		6003F59C195388D20070C39A /* GIGAppDelegate.h */ = {isa = PBXFileReference; lastKnownFileType = sourcecode.c.h; path = GIGAppDelegate.h; sourceTree = "<group>"; };
		6003F59D195388D20070C39A /* GIGAppDelegate.m */ = {isa = PBXFileReference; lastKnownFileType = sourcecode.c.objc; path = GIGAppDelegate.m; sourceTree = "<group>"; };
		6003F5A0195388D20070C39A /* Base */ = {isa = PBXFileReference; lastKnownFileType = file.storyboard; name = Base; path = Base.lproj/Main.storyboard; sourceTree = "<group>"; };
		6003F5A5195388D20070C39A /* GIGViewController.h */ = {isa = PBXFileReference; lastKnownFileType = sourcecode.c.h; path = GIGViewController.h; sourceTree = "<group>"; };
		6003F5A6195388D20070C39A /* GIGViewController.m */ = {isa = PBXFileReference; lastKnownFileType = sourcecode.c.objc; path = GIGViewController.m; sourceTree = "<group>"; };
		6003F5A8195388D20070C39A /* Images.xcassets */ = {isa = PBXFileReference; lastKnownFileType = folder.assetcatalog; path = Images.xcassets; sourceTree = "<group>"; };
		6003F5AF195388D20070C39A /* XCTest.framework */ = {isa = PBXFileReference; lastKnownFileType = wrapper.framework; name = XCTest.framework; path = Library/Frameworks/XCTest.framework; sourceTree = DEVELOPER_DIR; };
		64852EFC3930FB4798F64302 /* README.md */ = {isa = PBXFileReference; includeInIndex = 1; lastKnownFileType = net.daringfireball.markdown; name = README.md; path = ../README.md; sourceTree = "<group>"; };
		6D58376D12E4BA7383904D3E /* Pods-Tests.release.xcconfig */ = {isa = PBXFileReference; includeInIndex = 1; lastKnownFileType = text.xcconfig; name = "Pods-Tests.release.xcconfig"; path = "Pods/Target Support Files/Pods-Tests/Pods-Tests.release.xcconfig"; sourceTree = "<group>"; };
		90C0B46B83D0570999D00BF8 /* libPods-Tests.a */ = {isa = PBXFileReference; explicitFileType = archive.ar; includeInIndex = 0; path = "libPods-Tests.a"; sourceTree = BUILT_PRODUCTS_DIR; };
		D30BD6F0512317399B74225E /* Pods-GIGBeaconRegion.debug.xcconfig */ = {isa = PBXFileReference; includeInIndex = 1; lastKnownFileType = text.xcconfig; name = "Pods-GIGBeaconRegion.debug.xcconfig"; path = "Pods/Target Support Files/Pods-GIGBeaconRegion/Pods-GIGBeaconRegion.debug.xcconfig"; sourceTree = "<group>"; };
		D52DC7631A2736D000DA7E13 /* GIGPresenter.h */ = {isa = PBXFileReference; fileEncoding = 4; lastKnownFileType = sourcecode.c.h; path = GIGPresenter.h; sourceTree = "<group>"; };
		D52DC7641A2736D000DA7E13 /* GIGPresenter.m */ = {isa = PBXFileReference; fileEncoding = 4; lastKnownFileType = sourcecode.c.objc; path = GIGPresenter.m; sourceTree = "<group>"; };
		D52DC7661A27372600DA7E13 /* CoreLocation.framework */ = {isa = PBXFileReference; lastKnownFileType = wrapper.framework; name = CoreLocation.framework; path = System/Library/Frameworks/CoreLocation.framework; sourceTree = SDKROOT; };
		D55FD6B21A274354009BD47A /* GIGBeaconModel.h */ = {isa = PBXFileReference; fileEncoding = 4; lastKnownFileType = sourcecode.c.h; path = GIGBeaconModel.h; sourceTree = "<group>"; };
		D55FD6B31A274354009BD47A /* GIGBeaconModel.m */ = {isa = PBXFileReference; fileEncoding = 4; lastKnownFileType = sourcecode.c.objc; path = GIGBeaconModel.m; sourceTree = "<group>"; };
		D55FD6B51A2755CE009BD47A /* GIGBeaconCell.h */ = {isa = PBXFileReference; fileEncoding = 4; lastKnownFileType = sourcecode.c.h; path = GIGBeaconCell.h; sourceTree = "<group>"; };
		D55FD6B61A2755CE009BD47A /* GIGBeaconCell.m */ = {isa = PBXFileReference; fileEncoding = 4; lastKnownFileType = sourcecode.c.objc; path = GIGBeaconCell.m; sourceTree = "<group>"; };
		D55FD6B81A276B05009BD47A /* GIGStorage.h */ = {isa = PBXFileReference; fileEncoding = 4; lastKnownFileType = sourcecode.c.h; path = GIGStorage.h; sourceTree = "<group>"; };
		D55FD6B91A276B05009BD47A /* GIGStorage.m */ = {isa = PBXFileReference; fileEncoding = 4; lastKnownFileType = sourcecode.c.objc; path = GIGStorage.m; sourceTree = "<group>"; };
		D5E180121A28906A0012B16B /* GIGErrorFactory.h */ = {isa = PBXFileReference; fileEncoding = 4; lastKnownFileType = sourcecode.c.h; path = GIGErrorFactory.h; sourceTree = "<group>"; };
		D5E180131A28906A0012B16B /* GIGErrorFactory.m */ = {isa = PBXFileReference; fileEncoding = 4; lastKnownFileType = sourcecode.c.objc; path = GIGErrorFactory.m; sourceTree = "<group>"; };
		F57390B4D79FC6621D54A0C6 /* Pods-GIGBeaconRegion.release.xcconfig */ = {isa = PBXFileReference; includeInIndex = 1; lastKnownFileType = text.xcconfig; name = "Pods-GIGBeaconRegion.release.xcconfig"; path = "Pods/Target Support Files/Pods-GIGBeaconRegion/Pods-GIGBeaconRegion.release.xcconfig"; sourceTree = "<group>"; };
/* End PBXFileReference section */

/* Begin PBXFrameworksBuildPhase section */
		6003F587195388D20070C39A /* Frameworks */ = {
			isa = PBXFrameworksBuildPhase;
			buildActionMask = 2147483647;
			files = (
				D52DC7671A27372600DA7E13 /* CoreLocation.framework in Frameworks */,
				6003F590195388D20070C39A /* CoreGraphics.framework in Frameworks */,
				6003F592195388D20070C39A /* UIKit.framework in Frameworks */,
				6003F58E195388D20070C39A /* Foundation.framework in Frameworks */,
				CFFE247AC9A17DD1652E8939 /* libPods-GIGBeaconRegion.a in Frameworks */,
			);
			runOnlyForDeploymentPostprocessing = 0;
		};
/* End PBXFrameworksBuildPhase section */

/* Begin PBXGroup section */
		3FA7DB167310ACE3B57A8665 /* Pods */ = {
			isa = PBXGroup;
			children = (
				D30BD6F0512317399B74225E /* Pods-GIGBeaconRegion.debug.xcconfig */,
				F57390B4D79FC6621D54A0C6 /* Pods-GIGBeaconRegion.release.xcconfig */,
				31FB790C8BBECAAEE10E0F1A /* Pods-Tests.debug.xcconfig */,
				6D58376D12E4BA7383904D3E /* Pods-Tests.release.xcconfig */,
			);
			name = Pods;
			sourceTree = "<group>";
		};
		6003F581195388D10070C39A = {
			isa = PBXGroup;
			children = (
				60FF7A9C1954A5C5007DD14C /* Podspec Metadata */,
				6003F593195388D20070C39A /* GIGBeaconRegion */,
				6003F58C195388D20070C39A /* Frameworks */,
				6003F58B195388D20070C39A /* Products */,
				3FA7DB167310ACE3B57A8665 /* Pods */,
			);
			sourceTree = "<group>";
		};
		6003F58B195388D20070C39A /* Products */ = {
			isa = PBXGroup;
			children = (
				6003F58A195388D20070C39A /* GIGBeaconRegion.app */,
			);
			name = Products;
			sourceTree = "<group>";
		};
		6003F58C195388D20070C39A /* Frameworks */ = {
			isa = PBXGroup;
			children = (
				D52DC7661A27372600DA7E13 /* CoreLocation.framework */,
				6003F58D195388D20070C39A /* Foundation.framework */,
				6003F58F195388D20070C39A /* CoreGraphics.framework */,
				6003F591195388D20070C39A /* UIKit.framework */,
				6003F5AF195388D20070C39A /* XCTest.framework */,
				15345893092FB308AD6B886C /* libPods-GIGBeaconRegion.a */,
				90C0B46B83D0570999D00BF8 /* libPods-Tests.a */,
			);
			name = Frameworks;
			sourceTree = "<group>";
		};
		6003F593195388D20070C39A /* GIGBeaconRegion */ = {
			isa = PBXGroup;
			children = (
				6003F59C195388D20070C39A /* GIGAppDelegate.h */,
				6003F59D195388D20070C39A /* GIGAppDelegate.m */,
				D55FD6B81A276B05009BD47A /* GIGStorage.h */,
				D55FD6B91A276B05009BD47A /* GIGStorage.m */,
				D5E180121A28906A0012B16B /* GIGErrorFactory.h */,
				D5E180131A28906A0012B16B /* GIGErrorFactory.m */,
				D52DC7631A2736D000DA7E13 /* GIGPresenter.h */,
				D52DC7641A2736D000DA7E13 /* GIGPresenter.m */,
				D55FD6B21A274354009BD47A /* GIGBeaconModel.h */,
				D55FD6B31A274354009BD47A /* GIGBeaconModel.m */,
				6003F5A5195388D20070C39A /* GIGViewController.h */,
				6003F5A6195388D20070C39A /* GIGViewController.m */,
				D55FD6B51A2755CE009BD47A /* GIGBeaconCell.h */,
				D55FD6B61A2755CE009BD47A /* GIGBeaconCell.m */,
				6003F59F195388D20070C39A /* Main.storyboard */,
				6003F5A8195388D20070C39A /* Images.xcassets */,
				6003F594195388D20070C39A /* Supporting Files */,
			);
			path = GIGBeaconRegion;
			sourceTree = "<group>";
		};
		6003F594195388D20070C39A /* Supporting Files */ = {
			isa = PBXGroup;
			children = (
				6003F595195388D20070C39A /* GIGBeaconRegion-Info.plist */,
				6003F596195388D20070C39A /* InfoPlist.strings */,
				6003F599195388D20070C39A /* main.m */,
				6003F59B195388D20070C39A /* GIGBeaconRegion-Prefix.pch */,
			);
			name = "Supporting Files";
			sourceTree = "<group>";
		};
		60FF7A9C1954A5C5007DD14C /* Podspec Metadata */ = {
			isa = PBXGroup;
			children = (
				32BC928060C2BBB4D37E85B2 /* GIGBeaconRegion.podspec */,
				64852EFC3930FB4798F64302 /* README.md */,
				41F346B5C3FFD24A7FE75AE5 /* LICENSE */,
			);
			name = "Podspec Metadata";
			sourceTree = "<group>";
		};
/* End PBXGroup section */

/* Begin PBXNativeTarget section */
		6003F589195388D20070C39A /* GIGBeaconRegion */ = {
			isa = PBXNativeTarget;
			buildConfigurationList = 6003F5BF195388D20070C39A /* Build configuration list for PBXNativeTarget "GIGBeaconRegion" */;
			buildPhases = (
				2026D7A0A5EF071AA0748E04 /* Check Pods Manifest.lock */,
				6003F586195388D20070C39A /* Sources */,
				6003F587195388D20070C39A /* Frameworks */,
				6003F588195388D20070C39A /* Resources */,
				416E7CA4BF4625BA021AD7FD /* Copy Pods Resources */,
			);
			buildRules = (
			);
			dependencies = (
			);
			name = GIGBeaconRegion;
			productName = GIGBeaconRegion;
			productReference = 6003F58A195388D20070C39A /* GIGBeaconRegion.app */;
			productType = "com.apple.product-type.application";
		};
/* End PBXNativeTarget section */

/* Begin PBXProject section */
		6003F582195388D10070C39A /* Project object */ = {
			isa = PBXProject;
			attributes = {
				CLASSPREFIX = GIG;
				LastUpgradeCheck = 0510;
				ORGANIZATIONNAME = alexruperez;
			};
			buildConfigurationList = 6003F585195388D10070C39A /* Build configuration list for PBXProject "GIGBeaconRegion" */;
			compatibilityVersion = "Xcode 3.2";
			developmentRegion = English;
			hasScannedForEncodings = 0;
			knownRegions = (
				en,
				Base,
			);
			mainGroup = 6003F581195388D10070C39A;
			productRefGroup = 6003F58B195388D20070C39A /* Products */;
			projectDirPath = "";
			projectRoot = "";
			targets = (
				6003F589195388D20070C39A /* GIGBeaconRegion */,
			);
		};
/* End PBXProject section */

/* Begin PBXResourcesBuildPhase section */
		6003F588195388D20070C39A /* Resources */ = {
			isa = PBXResourcesBuildPhase;
			buildActionMask = 2147483647;
			files = (
				6003F5A9195388D20070C39A /* Images.xcassets in Resources */,
				6003F5A1195388D20070C39A /* Main.storyboard in Resources */,
				6003F598195388D20070C39A /* InfoPlist.strings in Resources */,
			);
			runOnlyForDeploymentPostprocessing = 0;
		};
/* End PBXResourcesBuildPhase section */

/* Begin PBXShellScriptBuildPhase section */
		2026D7A0A5EF071AA0748E04 /* Check Pods Manifest.lock */ = {
			isa = PBXShellScriptBuildPhase;
			buildActionMask = 2147483647;
			files = (
			);
			inputPaths = (
			);
			name = "Check Pods Manifest.lock";
			outputPaths = (
			);
			runOnlyForDeploymentPostprocessing = 0;
			shellPath = /bin/sh;
			shellScript = "diff \"${PODS_ROOT}/../Podfile.lock\" \"${PODS_ROOT}/Manifest.lock\" > /dev/null\nif [[ $? != 0 ]] ; then\n    cat << EOM\nerror: The sandbox is not in sync with the Podfile.lock. Run 'pod install' or update your CocoaPods installation.\nEOM\n    exit 1\nfi\n";
			showEnvVarsInLog = 0;
		};
		416E7CA4BF4625BA021AD7FD /* Copy Pods Resources */ = {
			isa = PBXShellScriptBuildPhase;
			buildActionMask = 2147483647;
			files = (
			);
			inputPaths = (
			);
			name = "Copy Pods Resources";
			outputPaths = (
			);
			runOnlyForDeploymentPostprocessing = 0;
			shellPath = /bin/sh;
			shellScript = "\"${SRCROOT}/Pods/Target Support Files/Pods-GIGBeaconRegion/Pods-GIGBeaconRegion-resources.sh\"\n";
			showEnvVarsInLog = 0;
		};
/* End PBXShellScriptBuildPhase section */

/* Begin PBXSourcesBuildPhase section */
		6003F586195388D20070C39A /* Sources */ = {
			isa = PBXSourcesBuildPhase;
			buildActionMask = 2147483647;
			files = (
				D52DC7651A2736D000DA7E13 /* GIGPresenter.m in Sources */,
				D55FD6B41A274354009BD47A /* GIGBeaconModel.m in Sources */,
				6003F59E195388D20070C39A /* GIGAppDelegate.m in Sources */,
				D55FD6B71A2755CE009BD47A /* GIGBeaconCell.m in Sources */,
				6003F5A7195388D20070C39A /* GIGViewController.m in Sources */,
				D5E180141A28906A0012B16B /* GIGErrorFactory.m in Sources */,
				6003F59A195388D20070C39A /* main.m in Sources */,
				D55FD6BA1A276B05009BD47A /* GIGStorage.m in Sources */,
			);
			runOnlyForDeploymentPostprocessing = 0;
		};
/* End PBXSourcesBuildPhase section */

/* Begin PBXVariantGroup section */
		6003F596195388D20070C39A /* InfoPlist.strings */ = {
			isa = PBXVariantGroup;
			children = (
				6003F597195388D20070C39A /* en */,
			);
			name = InfoPlist.strings;
			sourceTree = "<group>";
		};
		6003F59F195388D20070C39A /* Main.storyboard */ = {
			isa = PBXVariantGroup;
			children = (
				6003F5A0195388D20070C39A /* Base */,
			);
			name = Main.storyboard;
			sourceTree = "<group>";
		};
/* End PBXVariantGroup section */

/* Begin XCBuildConfiguration section */
		6003F5BD195388D20070C39A /* Debug */ = {
			isa = XCBuildConfiguration;
			buildSettings = {
				ALWAYS_SEARCH_USER_PATHS = NO;
				CLANG_CXX_LANGUAGE_STANDARD = "gnu++0x";
				CLANG_CXX_LIBRARY = "libc++";
				CLANG_ENABLE_MODULES = YES;
				CLANG_ENABLE_OBJC_ARC = YES;
				CLANG_WARN_BOOL_CONVERSION = YES;
				CLANG_WARN_CONSTANT_CONVERSION = YES;
				CLANG_WARN_DIRECT_OBJC_ISA_USAGE = YES_ERROR;
				CLANG_WARN_EMPTY_BODY = YES;
				CLANG_WARN_ENUM_CONVERSION = YES;
				CLANG_WARN_INT_CONVERSION = YES;
				CLANG_WARN_OBJC_ROOT_CLASS = YES_ERROR;
				CLANG_WARN__DUPLICATE_METHOD_MATCH = YES;
				CODE_SIGN_IDENTITY = "iPhone Developer";
				COPY_PHASE_STRIP = NO;
				GCC_C_LANGUAGE_STANDARD = gnu99;
				GCC_DYNAMIC_NO_PIC = NO;
				GCC_OPTIMIZATION_LEVEL = 0;
				GCC_PREPROCESSOR_DEFINITIONS = (
					"DEBUG=1",
					"$(inherited)",
				);
				GCC_SYMBOLS_PRIVATE_EXTERN = NO;
				GCC_WARN_64_TO_32_BIT_CONVERSION = YES;
				GCC_WARN_ABOUT_RETURN_TYPE = YES_ERROR;
				GCC_WARN_UNDECLARED_SELECTOR = YES;
				GCC_WARN_UNINITIALIZED_AUTOS = YES_AGGRESSIVE;
				GCC_WARN_UNUSED_FUNCTION = YES;
				GCC_WARN_UNUSED_VARIABLE = YES;
				IPHONEOS_DEPLOYMENT_TARGET = 7.0;
				ONLY_ACTIVE_ARCH = YES;
				SDKROOT = iphoneos;
				TARGETED_DEVICE_FAMILY = "1,2";
			};
			name = Debug;
		};
		6003F5BE195388D20070C39A /* Release */ = {
			isa = XCBuildConfiguration;
			buildSettings = {
				ALWAYS_SEARCH_USER_PATHS = NO;
				CLANG_CXX_LANGUAGE_STANDARD = "gnu++0x";
				CLANG_CXX_LIBRARY = "libc++";
				CLANG_ENABLE_MODULES = YES;
				CLANG_ENABLE_OBJC_ARC = YES;
				CLANG_WARN_BOOL_CONVERSION = YES;
				CLANG_WARN_CONSTANT_CONVERSION = YES;
				CLANG_WARN_DIRECT_OBJC_ISA_USAGE = YES_ERROR;
				CLANG_WARN_EMPTY_BODY = YES;
				CLANG_WARN_ENUM_CONVERSION = YES;
				CLANG_WARN_INT_CONVERSION = YES;
				CLANG_WARN_OBJC_ROOT_CLASS = YES_ERROR;
				CLANG_WARN__DUPLICATE_METHOD_MATCH = YES;
				CODE_SIGN_IDENTITY = "iPhone Distribution";
				COPY_PHASE_STRIP = YES;
				ENABLE_NS_ASSERTIONS = NO;
				GCC_C_LANGUAGE_STANDARD = gnu99;
				GCC_WARN_64_TO_32_BIT_CONVERSION = YES;
				GCC_WARN_ABOUT_RETURN_TYPE = YES_ERROR;
				GCC_WARN_UNDECLARED_SELECTOR = YES;
				GCC_WARN_UNINITIALIZED_AUTOS = YES_AGGRESSIVE;
				GCC_WARN_UNUSED_FUNCTION = YES;
				GCC_WARN_UNUSED_VARIABLE = YES;
				IPHONEOS_DEPLOYMENT_TARGET = 7.0;
				SDKROOT = iphoneos;
				TARGETED_DEVICE_FAMILY = "1,2";
				VALIDATE_PRODUCT = YES;
			};
			name = Release;
		};
		6003F5C0195388D20070C39A /* Debug */ = {
			isa = XCBuildConfiguration;
			baseConfigurationReference = D30BD6F0512317399B74225E /* Pods-GIGBeaconRegion.debug.xcconfig */;
			buildSettings = {
				ASSETCATALOG_COMPILER_APPICON_NAME = AppIcon;
				ASSETCATALOG_COMPILER_LAUNCHIMAGE_NAME = LaunchImage;
				GCC_PRECOMPILE_PREFIX_HEADER = YES;
				GCC_PREFIX_HEADER = "GIGBeaconRegion/GIGBeaconRegion-Prefix.pch";
				INFOPLIST_FILE = "GIGBeaconRegion/GIGBeaconRegion-Info.plist";
				PRODUCT_NAME = "$(TARGET_NAME)";
				WRAPPER_EXTENSION = app;
			};
			name = Debug;
		};
		6003F5C1195388D20070C39A /* Release */ = {
			isa = XCBuildConfiguration;
			baseConfigurationReference = F57390B4D79FC6621D54A0C6 /* Pods-GIGBeaconRegion.release.xcconfig */;
			buildSettings = {
				ASSETCATALOG_COMPILER_APPICON_NAME = AppIcon;
				ASSETCATALOG_COMPILER_LAUNCHIMAGE_NAME = LaunchImage;
				GCC_PRECOMPILE_PREFIX_HEADER = YES;
				GCC_PREFIX_HEADER = "GIGBeaconRegion/GIGBeaconRegion-Prefix.pch";
				INFOPLIST_FILE = "GIGBeaconRegion/GIGBeaconRegion-Info.plist";
				PRODUCT_NAME = "$(TARGET_NAME)";
				PROVISIONING_PROFILE = "64225c39-490d-4837-9088-1b87bb96d1a2";
				WRAPPER_EXTENSION = app;
			};
			name = Release;
		};
/* End XCBuildConfiguration section */

/* Begin XCConfigurationList section */
		6003F585195388D10070C39A /* Build configuration list for PBXProject "GIGBeaconRegion" */ = {
			isa = XCConfigurationList;
			buildConfigurations = (
				6003F5BD195388D20070C39A /* Debug */,
				6003F5BE195388D20070C39A /* Release */,
			);
			defaultConfigurationIsVisible = 0;
			defaultConfigurationName = Release;
		};
		6003F5BF195388D20070C39A /* Build configuration list for PBXNativeTarget "GIGBeaconRegion" */ = {
			isa = XCConfigurationList;
			buildConfigurations = (
				6003F5C0195388D20070C39A /* Debug */,
				6003F5C1195388D20070C39A /* Release */,
			);
			defaultConfigurationIsVisible = 0;
			defaultConfigurationName = Release;
		};
/* End XCConfigurationList section */
	};
	rootObject = 6003F582195388D10070C39A /* Project object */;
}
